
Microsoft Visual Studio Solution File, Format Version 12.00
# Visual Studio 2013
VisualStudioVersion = 12.0.30110.0
MinimumVisualStudioVersion = 10.0.40219.1
Project("{FAE04EC0-301F-11D3-BF4B-00C04F79EFBC}") = "EasyCalc-NonRegExp", "EasyCalc-NonRegExp\EasyCalc-NonRegExp.csproj", "{3DA10817-E65F-42C2-8862-61CC83101792}"
EndProject
Global
	GlobalSection(SolutionConfigurationPlatforms) = preSolution
		Debug|Any CPU = Debug|Any CPU
		Release|Any CPU = Release|Any CPU
	EndGlobalSection
	GlobalSection(ProjectConfigurationPlatforms) = postSolution
		{3DA10817-E65F-42C2-8862-61CC83101792}.Debug|Any CPU.ActiveCfg = Debug|Any CPU
		{3DA10817-E65F-42C2-8862-61CC83101792}.Debug|Any CPU.Build.0 = Debug|Any CPU
		{3DA10817-E65F-42C2-8862-61CC83101792}.Release|Any CPU.ActiveCfg = Release|Any CPU
		{3DA10817-E65F-42C2-8862-61CC83101792}.Release|Any CPU.Build.0 = Release|Any CPU
	EndGlobalSection
	GlobalSection(SolutionProperties) = preSolution
		HideSolutionNode = FALSE
	EndGlobalSection
EndGlobal
