
Microsoft Visual Studio Solution File, Format Version 12.00
# Visual Studio 2013
VisualStudioVersion = 12.0.30110.0
MinimumVisualStudioVersion = 10.0.40219.1
Project("{FAE04EC0-301F-11D3-BF4B-00C04F79EFBC}") = "Shunting-Yard-Algorithm-NoStackClass", "Shunting-Yard-Algorithm-NoStackClass\Shunting-Yard-Algorithm-NoStackClass.csproj", "{735A7A12-584C-43EF-8F45-B2B08FAE30EE}"
EndProject
Global
	GlobalSection(SolutionConfigurationPlatforms) = preSolution
		Debug|Any CPU = Debug|Any CPU
		Release|Any CPU = Release|Any CPU
	EndGlobalSection
	GlobalSection(ProjectConfigurationPlatforms) = postSolution
		{735A7A12-584C-43EF-8F45-B2B08FAE30EE}.Debug|Any CPU.ActiveCfg = Debug|Any CPU
		{735A7A12-584C-43EF-8F45-B2B08FAE30EE}.Debug|Any CPU.Build.0 = Debug|Any CPU
		{735A7A12-584C-43EF-8F45-B2B08FAE30EE}.Release|Any CPU.ActiveCfg = Release|Any CPU
		{735A7A12-584C-43EF-8F45-B2B08FAE30EE}.Release|Any CPU.Build.0 = Release|Any CPU
	EndGlobalSection
	GlobalSection(SolutionProperties) = preSolution
		HideSolutionNode = FALSE
	EndGlobalSection
EndGlobal
